# This file is automatically @generated by Poetry 1.8.3 and should not be changed by hand.

[[package]]
name = "aiokafka"
version = "0.8.1"
description = "Kafka integration with asyncio."
optional = false
python-versions = ">=3.8"
files = [
    {file = "aiokafka-0.8.1-cp310-cp310-macosx_10_9_x86_64.whl", hash = "sha256:1f6044ed270b946d31f265903b5eb101940ed0ff3a902eaf8178103c943bbcc9"},
    {file = "aiokafka-0.8.1-cp310-cp310-manylinux_2_17_aarch64.manylinux2014_aarch64.whl", hash = "sha256:1e24839088fd6d3ff481cc09a48ea487b997328df11630bc0a1b88255edbcfe9"},
    {file = "aiokafka-0.8.1-cp310-cp310-manylinux_2_17_x86_64.manylinux2014_x86_64.whl", hash = "sha256:3816bcfc3c57dfa4ed77fe1dc3a9a464e17b6400061348155115f282c8150c47"},
    {file = "aiokafka-0.8.1-cp310-cp310-manylinux_2_5_i686.manylinux1_i686.manylinux_2_17_i686.manylinux2014_i686.whl", hash = "sha256:b2bf97548fa77ad31062ca580368d346b16ba9fdca5856c435f256f3699ab12b"},
    {file = "aiokafka-0.8.1-cp310-cp310-win32.whl", hash = "sha256:6421ee81084532f915501074a132acb2afc8cb88bf5ddb11e584230a30f6f006"},
    {file = "aiokafka-0.8.1-cp310-cp310-win_amd64.whl", hash = "sha256:9f19d90b7360bc2239fcd8b147508ae39c3e5b1acfc8e6a2a9b0f306070f7ffe"},
    {file = "aiokafka-0.8.1-cp311-cp311-macosx_10_9_x86_64.whl", hash = "sha256:673c163dee62dfe45146d5250af0e395da5cc92b63f8878c592abc7dc1862899"},
    {file = "aiokafka-0.8.1-cp311-cp311-manylinux_2_17_aarch64.manylinux2014_aarch64.whl", hash = "sha256:4693fbe3c10f125bf3e2df8a8ccbca3eff2bdaaa6589d28c7532c10e7d84598b"},
    {file = "aiokafka-0.8.1-cp311-cp311-manylinux_2_17_x86_64.manylinux2014_x86_64.whl", hash = "sha256:bbffc431d9285328c0bc108949132ae11cec863f1dd5a43a1fc3d45a69ffb8a9"},
    {file = "aiokafka-0.8.1-cp311-cp311-manylinux_2_5_i686.manylinux1_i686.manylinux_2_17_i686.manylinux2014_i686.whl", hash = "sha256:4fccd599ab6b3fda4f4187d854b343f153b40d05d6774be9acf238618da50031"},
    {file = "aiokafka-0.8.1-cp311-cp311-win32.whl", hash = "sha256:90960356513f3979754261b132b12a96b0d9e3c6eb44420e3a90a7c31156a81a"},
    {file = "aiokafka-0.8.1-cp311-cp311-win_amd64.whl", hash = "sha256:7f09784322c0d2c4fcc222add4337a5ac394aa30a248eb4e0e4587a125573c75"},
    {file = "aiokafka-0.8.1-cp38-cp38-macosx_10_9_x86_64.whl", hash = "sha256:ff318d29ecbeea8c58d69c91c24d48d7ed4a8d3e829b607e670d118a9a35d5ba"},
    {file = "aiokafka-0.8.1-cp38-cp38-manylinux_2_17_aarch64.manylinux2014_aarch64.whl", hash = "sha256:af6df9a41e08b61d7e62c0a416feeabd81bad76fa5c70d499b083d6af9ce72c3"},
    {file = "aiokafka-0.8.1-cp38-cp38-manylinux_2_17_x86_64.manylinux2014_x86_64.whl", hash = "sha256:7d327d66b41c4e3bafff7f9efb71936a08f940aa665680717e20862e4272a068"},
    {file = "aiokafka-0.8.1-cp38-cp38-manylinux_2_5_i686.manylinux1_i686.manylinux_2_17_i686.manylinux2014_i686.whl", hash = "sha256:24373bb2d519abac036d5b04ebc43452ef4ad1916953b6678b9801a9c93ba237"},
    {file = "aiokafka-0.8.1-cp38-cp38-win32.whl", hash = "sha256:fd8f9e17bc9cd2ea664a7f5133aede39a8fffebffe0c450252d475dbdedb4a35"},
    {file = "aiokafka-0.8.1-cp38-cp38-win_amd64.whl", hash = "sha256:2fa54b8b068d9d8735cb6757a0f48168f8cf9be68860b0bae6b3ed1684cef49b"},
    {file = "aiokafka-0.8.1-cp39-cp39-macosx_10_9_x86_64.whl", hash = "sha256:bf7473c55dc7959d4b7f9d750fa6017b325813d6cb761e488c2d9ea44e922954"},
    {file = "aiokafka-0.8.1-cp39-cp39-manylinux_2_17_aarch64.manylinux2014_aarch64.whl", hash = "sha256:c4332d37cb9d52181cfda4236566b4028c7c188549277f87bcc3027577d72b1b"},
    {file = "aiokafka-0.8.1-cp39-cp39-manylinux_2_17_x86_64.manylinux2014_x86_64.whl", hash = "sha256:1f43d2afd7d3e4407ada8d754895fad7c344ca00648a8a38418d76564eaaf6cd"},
    {file = "aiokafka-0.8.1-cp39-cp39-manylinux_2_5_i686.manylinux1_i686.manylinux_2_17_i686.manylinux2014_i686.whl", hash = "sha256:a8a641a8102c51422afe111d4bc70c51f335f38fc5906e4c839bd17afeaf3cb2"},
    {file = "aiokafka-0.8.1-cp39-cp39-win32.whl", hash = "sha256:935da8c4da9a00a1e16020d88e578206097b4bb72ebc2a25fbd2cb817907ef28"},
    {file = "aiokafka-0.8.1-cp39-cp39-win_amd64.whl", hash = "sha256:45cd28af6590d6a999bb706803166570121ba8a5a0d06c51ebd8a59fab53593c"},
    {file = "aiokafka-0.8.1.tar.gz", hash = "sha256:d300188e358cd29989c817f6ee2a2965a039e5a71de8ade6f80f02ebb9bd07b8"},
]

[package.dependencies]
async-timeout = "*"
kafka-python = ">=2.0.2"
packaging = "*"

[package.extras]
all = ["gssapi", "lz4", "python-snappy (>=0.5)", "zstandard"]
gssapi = ["gssapi"]
lz4 = ["lz4"]
snappy = ["python-snappy (>=0.5)"]
zstd = ["zstandard"]

[[package]]
name = "anyio"
version = "4.4.0"
description = "High level compatibility layer for multiple asynchronous event loop implementations"
optional = false
python-versions = ">=3.8"
files = [
    {file = "anyio-4.4.0-py3-none-any.whl", hash = "sha256:c1b2d8f46a8a812513012e1107cb0e68c17159a7a594208005a57dc776e1bdc7"},
    {file = "anyio-4.4.0.tar.gz", hash = "sha256:5aadc6a1bbb7cdb0bede386cac5e2940f5e2ff3aa20277e991cf028e0585ce94"},
]

[package.dependencies]
exceptiongroup = {version = ">=1.0.2", markers = "python_version < \"3.11\""}
idna = ">=2.8"
sniffio = ">=1.1"
typing-extensions = {version = ">=4.1", markers = "python_version < \"3.11\""}

[package.extras]
doc = ["Sphinx (>=7)", "packaging", "sphinx-autodoc-typehints (>=1.2.0)", "sphinx-rtd-theme"]
test = ["anyio[trio]", "coverage[toml] (>=7)", "exceptiongroup (>=1.2.0)", "hypothesis (>=4.0)", "psutil (>=5.9)", "pytest (>=7.0)", "pytest-mock (>=3.6.1)", "trustme", "uvloop (>=0.17)"]
trio = ["trio (>=0.23)"]

[[package]]
name = "async-timeout"
version = "4.0.3"
description = "Timeout context manager for asyncio programs"
optional = false
python-versions = ">=3.7"
files = [
    {file = "async-timeout-4.0.3.tar.gz", hash = "sha256:4640d96be84d82d02ed59ea2b7105a0f7b33abe8703703cd0ab0bf87c427522f"},
    {file = "async_timeout-4.0.3-py3-none-any.whl", hash = "sha256:7405140ff1230c310e51dc27b3145b9092d659ce68ff733fb0cefe3ee42be028"},
]

[[package]]
name = "click"
version = "8.1.7"
description = "Composable command line interface toolkit"
optional = false
python-versions = ">=3.7"
files = [
    {file = "click-8.1.7-py3-none-any.whl", hash = "sha256:ae74fb96c20a0277a1d615f1e4d73c8414f5a98db8b799a7931d1582f3390c28"},
    {file = "click-8.1.7.tar.gz", hash = "sha256:ca9853ad459e787e2192211578cc907e7594e294c7ccc834310722b41b9ca6de"},
]

[package.dependencies]
colorama = {version = "*", markers = "platform_system == \"Windows\""}

[[package]]
name = "colorama"
version = "0.4.6"
description = "Cross-platform colored terminal text."
optional = false
python-versions = "!=3.0.*,!=3.1.*,!=3.2.*,!=3.3.*,!=3.4.*,!=3.5.*,!=3.6.*,>=2.7"
files = [
    {file = "colorama-0.4.6-py2.py3-none-any.whl", hash = "sha256:4f1d9991f5acc0ca119f9d443620b77f9d6b33703e51011c16baf57afb285fc6"},
    {file = "colorama-0.4.6.tar.gz", hash = "sha256:08695f5cb7ed6e0531a20572697297273c47b8cae5a63ffc6d6ed5c201be6e44"},
]

[[package]]
name = "confluent-kafka"
version = "2.5.0"
description = "Confluent's Python client for Apache Kafka"
optional = false
python-versions = "*"
files = [
    {file = "confluent-kafka-2.5.0.tar.gz", hash = "sha256:551cabaade717bb56ec13eb860ce439bedbcf1c97f4a4aa26957572ed1bfa74f"},
    {file = "confluent_kafka-2.5.0-cp310-cp310-macosx_10_9_x86_64.whl", hash = "sha256:5509a219128fb177fa4186a8669071cc52acd52eba436f339edb9063aabb486d"},
    {file = "confluent_kafka-2.5.0-cp310-cp310-macosx_11_0_arm64.whl", hash = "sha256:ff98d8fbe7d3671cac3e1b692c13f160cf508b525c110a89906ffabd1cc140fe"},
    {file = "confluent_kafka-2.5.0-cp310-cp310-manylinux_2_28_aarch64.whl", hash = "sha256:72ffae4387d283cb5657b6381a893c7231c26a9b4248557e7f030de76156290a"},
    {file = "confluent_kafka-2.5.0-cp310-cp310-manylinux_2_28_x86_64.whl", hash = "sha256:75873087fd1bd753e082f74ab97f68cc3a0765d6b600c2ac3d3a0beffbdc569d"},
    {file = "confluent_kafka-2.5.0-cp310-cp310-win_amd64.whl", hash = "sha256:2af917f93ac3a0aa88e6bee9b2056c1c176621e4a9c8f7051cc8646b81f91327"},
    {file = "confluent_kafka-2.5.0-cp311-cp311-macosx_10_9_x86_64.whl", hash = "sha256:efc8c48d5dbbcd1b56afe737df8156a74e62b50481ccffe581b9926eaa16c014"},
    {file = "confluent_kafka-2.5.0-cp311-cp311-macosx_11_0_arm64.whl", hash = "sha256:7b9f867c7e955a48ed60dee0da9c157b0f84e67724f7e42591bbcf6867e3865f"},
    {file = "confluent_kafka-2.5.0-cp311-cp311-manylinux_2_28_aarch64.whl", hash = "sha256:b064baf6a93ab58199e63bddf73d9f2c855b89cc376d5313c2f89c633aa3254a"},
    {file = "confluent_kafka-2.5.0-cp311-cp311-manylinux_2_28_x86_64.whl", hash = "sha256:a55f3d761c8463c504012ad9b06be33ef07f301f246e61d656cc927d35763f82"},
    {file = "confluent_kafka-2.5.0-cp311-cp311-win_amd64.whl", hash = "sha256:c05a677b1dbdcf2a4532e2cf41e78d2e2ffb3a6829347caf2825f472cda59e69"},
    {file = "confluent_kafka-2.5.0-cp312-cp312-macosx_10_9_x86_64.whl", hash = "sha256:db987d8953d0d58a28a455e43a1da74a0e9dec7a12a74f5abd85a7cb308aefd4"},
    {file = "confluent_kafka-2.5.0-cp312-cp312-macosx_11_0_arm64.whl", hash = "sha256:7d828ebb45db153cd462e72c575f8683c2c56ddba62b282aa36d9c365847e212"},
    {file = "confluent_kafka-2.5.0-cp312-cp312-manylinux_2_28_aarch64.whl", hash = "sha256:fb863f76605e9bbbb1d7f02abf05899cf1435421aa721a5be212c600bd054aa3"},
    {file = "confluent_kafka-2.5.0-cp312-cp312-manylinux_2_28_x86_64.whl", hash = "sha256:92efb98908e29f597c77ab97faa064f670b681f4540c3eabc415b8a6e58df9bf"},
    {file = "confluent_kafka-2.5.0-cp312-cp312-win_amd64.whl", hash = "sha256:d668b5c426af595271bf6fce2917a6c3a15453656077a59db85f440958b5ccc2"},
    {file = "confluent_kafka-2.5.0-cp36-cp36m-macosx_10_9_x86_64.whl", hash = "sha256:797250f1a66024dd8b1c94764cc75e1d7bd1b7224a0b982678eafbb39714874e"},
    {file = "confluent_kafka-2.5.0-cp36-cp36m-manylinux_2_28_aarch64.whl", hash = "sha256:e81dc0a2980e597848b73983ce6e0b4ae7d129c01370cd9f31599c15c5d02a5d"},
    {file = "confluent_kafka-2.5.0-cp36-cp36m-manylinux_2_28_x86_64.whl", hash = "sha256:ffda33c86f5fee6ae678cca039915a0c4c1863bbc592b6f2f82abfddc173b0d3"},
    {file = "confluent_kafka-2.5.0-cp36-cp36m-win_amd64.whl", hash = "sha256:7410bd5b0d6f54df5fa3313c75801a6ebcfab7cbfb947c3f56149e38b0fe924c"},
    {file = "confluent_kafka-2.5.0-cp37-cp37m-macosx_10_9_x86_64.whl", hash = "sha256:9a29dc4b7d4a754037d7d8e3ad1873a27b16e7de8c0a06755456b20803a70b16"},
    {file = "confluent_kafka-2.5.0-cp37-cp37m-manylinux_2_28_aarch64.whl", hash = "sha256:089b68a43c3b911356a4ff08fa862245f1333387b79221ac7f60d99e5b4e24d6"},
    {file = "confluent_kafka-2.5.0-cp37-cp37m-manylinux_2_28_x86_64.whl", hash = "sha256:c3a17ebdd97c803cf369c8615a474ca0bea39b5f5944e51f1c320aee8d6d5da9"},
    {file = "confluent_kafka-2.5.0-cp37-cp37m-win_amd64.whl", hash = "sha256:151656afaeb623b46c042a752091d8b17fd05ff7d309be6d8b4953b8dc0783bc"},
    {file = "confluent_kafka-2.5.0-cp38-cp38-macosx_10_9_x86_64.whl", hash = "sha256:570fc091cdcf9d1baf90c5f4965322cea8185ba8698d0f02cd1c8bd38bf6664a"},
    {file = "confluent_kafka-2.5.0-cp38-cp38-macosx_11_0_arm64.whl", hash = "sha256:bd57edf51434d6ec289339a0c9b627ca1f1e7c1130e348c0b411407183db53c6"},
    {file = "confluent_kafka-2.5.0-cp38-cp38-manylinux_2_28_aarch64.whl", hash = "sha256:8975fea2ccd6927aad188e198e1688ef16589dc36b42f7a33ad07b1ca1341901"},
    {file = "confluent_kafka-2.5.0-cp38-cp38-manylinux_2_28_x86_64.whl", hash = "sha256:7c0b1a7774905c9e3c24d09d9b8463d771685e4105150c2503185537a6a590f9"},
    {file = "confluent_kafka-2.5.0-cp38-cp38-win_amd64.whl", hash = "sha256:eaf01cd79b4d2cdbdf1e7b6ace9c846ae9ad9f4cf573617bbb5735a5c48cbd20"},
    {file = "confluent_kafka-2.5.0-cp39-cp39-macosx_10_9_x86_64.whl", hash = "sha256:fa789332fd40a9e99b9388f87f28db8fc7dd8ca54a1d24d0bcd0ad33f50f3528"},
    {file = "confluent_kafka-2.5.0-cp39-cp39-macosx_11_0_arm64.whl", hash = "sha256:e917db155dc3a64e1496b293a3ceb0a8edf23e0bd6f93d43576c40f0c59d3067"},
    {file = "confluent_kafka-2.5.0-cp39-cp39-manylinux_2_28_aarch64.whl", hash = "sha256:a8bb3af6d1f109aaac5514c65a46cac933d78b3935f6fea52fe1f2ea6a9951bf"},
    {file = "confluent_kafka-2.5.0-cp39-cp39-manylinux_2_28_x86_64.whl", hash = "sha256:a1fb72461dcf7aa7e1834133eb733f824331aafda87ef48ec917d9b09c805a99"},
    {file = "confluent_kafka-2.5.0-cp39-cp39-win_amd64.whl", hash = "sha256:4bda1b5fa87cb993bcd964d271a76cc11cafa2455de02ab5eff6efd9e688d55e"},
]

[package.extras]
avro = ["avro (>=1.11.1,<2)", "fastavro (>=0.23.0,<1.0)", "fastavro (>=1.0)", "requests"]
dev = ["avro (>=1.11.1,<2)", "fastavro (>=0.23.0,<1.0)", "fastavro (>=1.0)", "flake8", "pytest", "pytest (==4.6.4)", "pytest-timeout", "requests"]
doc = ["avro (>=1.11.1,<2)", "fastavro (>=0.23.0,<1.0)", "fastavro (>=1.0)", "requests", "sphinx", "sphinx-rtd-theme"]
json = ["jsonschema", "pyrsistent", "pyrsistent (==0.16.1)", "requests"]
protobuf = ["protobuf", "requests"]
schema-registry = ["requests"]

[[package]]
name = "exceptiongroup"
version = "1.2.2"
description = "Backport of PEP 654 (exception groups)"
optional = false
python-versions = ">=3.7"
files = [
    {file = "exceptiongroup-1.2.2-py3-none-any.whl", hash = "sha256:3111b9d131c238bec2f8f516e123e14ba243563fb135d3fe885990585aa7795b"},
    {file = "exceptiongroup-1.2.2.tar.gz", hash = "sha256:47c2edf7c6738fafb49fd34290706d1a1a2f4d1c6df275526b62cbb4aa5393cc"},
]

[package.extras]
test = ["pytest (>=6)"]

[[package]]
name = "fastapi"
version = "0.85.2"
description = "FastAPI framework, high performance, easy to learn, fast to code, ready for production"
optional = false
python-versions = ">=3.7"
files = [
    {file = "fastapi-0.85.2-py3-none-any.whl", hash = "sha256:6292db0edd4a11f0d938d6033ccec5f706e9d476958bf33b119e8ddb4e524bde"},
    {file = "fastapi-0.85.2.tar.gz", hash = "sha256:3e10ea0992c700e0b17b6de8c2092d7b9cd763ce92c49ee8d4be10fee3b2f367"},
]

[package.dependencies]
pydantic = ">=1.6.2,<1.7 || >1.7,<1.7.1 || >1.7.1,<1.7.2 || >1.7.2,<1.7.3 || >1.7.3,<1.8 || >1.8,<1.8.1 || >1.8.1,<2.0.0"
starlette = "0.20.4"

[package.extras]
all = ["email-validator (>=1.1.1,<2.0.0)", "itsdangerous (>=1.1.0,<3.0.0)", "jinja2 (>=2.11.2,<4.0.0)", "orjson (>=3.2.1,<4.0.0)", "python-multipart (>=0.0.5,<0.0.6)", "pyyaml (>=5.3.1,<7.0.0)", "requests (>=2.24.0,<3.0.0)", "ujson (>=4.0.1,!=4.0.2,!=4.1.0,!=4.2.0,!=4.3.0,!=5.0.0,!=5.1.0,<6.0.0)", "uvicorn[standard] (>=0.12.0,<0.19.0)"]
dev = ["autoflake (>=1.4.0,<2.0.0)", "flake8 (>=3.8.3,<6.0.0)", "pre-commit (>=2.17.0,<3.0.0)", "uvicorn[standard] (>=0.12.0,<0.19.0)"]
doc = ["mdx-include (>=1.4.1,<2.0.0)", "mkdocs (>=1.1.2,<2.0.0)", "mkdocs-markdownextradata-plugin (>=0.1.7,<0.3.0)", "mkdocs-material (>=8.1.4,<9.0.0)", "pyyaml (>=5.3.1,<7.0.0)", "typer[all] (>=0.6.1,<0.7.0)"]
test = ["anyio[trio] (>=3.2.1,<4.0.0)", "black (==22.8.0)", "databases[sqlite] (>=0.3.2,<0.7.0)", "email-validator (>=1.1.1,<2.0.0)", "flake8 (>=3.8.3,<6.0.0)", "flask (>=1.1.2,<3.0.0)", "httpx (>=0.23.0,<0.24.0)", "isort (>=5.0.6,<6.0.0)", "mypy (==0.982)", "orjson (>=3.2.1,<4.0.0)", "passlib[bcrypt] (>=1.7.2,<2.0.0)", "peewee (>=3.13.3,<4.0.0)", "pytest (>=7.1.3,<8.0.0)", "pytest-cov (>=2.12.0,<5.0.0)", "python-jose[cryptography] (>=3.3.0,<4.0.0)", "python-multipart (>=0.0.5,<0.0.6)", "pyyaml (>=5.3.1,<7.0.0)", "requests (>=2.24.0,<3.0.0)", "sqlalchemy (>=1.3.18,<=1.4.41)", "types-orjson (==3.6.2)", "types-ujson (==5.5.0)", "ujson (>=4.0.1,!=4.0.2,!=4.1.0,!=4.2.0,!=4.3.0,!=5.0.0,!=5.1.0,<6.0.0)"]

[[package]]
name = "h11"
version = "0.14.0"
description = "A pure-Python, bring-your-own-I/O implementation of HTTP/1.1"
optional = false
python-versions = ">=3.7"
files = [
    {file = "h11-0.14.0-py3-none-any.whl", hash = "sha256:e3fe4ac4b851c468cc8363d500db52c2ead036020723024a109d37346efaa761"},
    {file = "h11-0.14.0.tar.gz", hash = "sha256:8f19fbbe99e72420ff35c00b27a34cb9937e902a8b810e2c88300c6f0a3b699d"},
]

[[package]]
name = "idna"
version = "3.7"
description = "Internationalized Domain Names in Applications (IDNA)"
optional = false
python-versions = ">=3.5"
files = [
    {file = "idna-3.7-py3-none-any.whl", hash = "sha256:82fee1fc78add43492d3a1898bfa6d8a904cc97d8427f683ed8e798d07761aa0"},
    {file = "idna-3.7.tar.gz", hash = "sha256:028ff3aadf0609c1fd278d8ea3089299412a7a8b9bd005dd08b9f8285bcb5cfc"},
]

[[package]]
name = "kafka-python"
version = "2.0.2"
description = "Pure Python client for Apache Kafka"
optional = false
python-versions = "*"
files = [
    {file = "kafka-python-2.0.2.tar.gz", hash = "sha256:04dfe7fea2b63726cd6f3e79a2d86e709d608d74406638c5da33a01d45a9d7e3"},
    {file = "kafka_python-2.0.2-py2.py3-none-any.whl", hash = "sha256:2d92418c7cb1c298fa6c7f0fb3519b520d0d7526ac6cb7ae2a4fc65a51a94b6e"},
]

[package.extras]
crc32c = ["crc32c"]

[[package]]
name = "packaging"
version = "24.1"
description = "Core utilities for Python packages"
optional = false
python-versions = ">=3.8"
files = [
    {file = "packaging-24.1-py3-none-any.whl", hash = "sha256:5b8f2217dbdbd2f7f384c41c628544e6d52f2d0f53c6d0c3ea61aa5d1d7ff124"},
    {file = "packaging-24.1.tar.gz", hash = "sha256:026ed72c8ed3fcce5bf8950572258698927fd1dbda10a5e981cdf0ac37f4f002"},
]

[[package]]
name = "pydantic"
version = "1.10.17"
description = "Data validation and settings management using python type hints"
optional = false
python-versions = ">=3.7"
files = [
    {file = "pydantic-1.10.17-cp310-cp310-macosx_10_9_x86_64.whl", hash = "sha256:0fa51175313cc30097660b10eec8ca55ed08bfa07acbfe02f7a42f6c242e9a4b"},
    {file = "pydantic-1.10.17-cp310-cp310-macosx_11_0_arm64.whl", hash = "sha256:c7e8988bb16988890c985bd2093df9dd731bfb9d5e0860db054c23034fab8f7a"},
    {file = "pydantic-1.10.17-cp310-cp310-manylinux_2_17_x86_64.manylinux2014_x86_64.whl", hash = "sha256:371dcf1831f87c9e217e2b6a0c66842879a14873114ebb9d0861ab22e3b5bb1e"},
    {file = "pydantic-1.10.17-cp310-cp310-manylinux_2_5_i686.manylinux1_i686.manylinux_2_17_i686.manylinux2014_i686.whl", hash = "sha256:4866a1579c0c3ca2c40575398a24d805d4db6cb353ee74df75ddeee3c657f9a7"},
    {file = "pydantic-1.10.17-cp310-cp310-musllinux_1_1_i686.whl", hash = "sha256:543da3c6914795b37785703ffc74ba4d660418620cc273490d42c53949eeeca6"},
    {file = "pydantic-1.10.17-cp310-cp310-musllinux_1_1_x86_64.whl", hash = "sha256:7623b59876f49e61c2e283551cc3647616d2fbdc0b4d36d3d638aae8547ea681"},
    {file = "pydantic-1.10.17-cp310-cp310-win_amd64.whl", hash = "sha256:409b2b36d7d7d19cd8310b97a4ce6b1755ef8bd45b9a2ec5ec2b124db0a0d8f3"},
    {file = "pydantic-1.10.17-cp311-cp311-macosx_10_9_x86_64.whl", hash = "sha256:fa43f362b46741df8f201bf3e7dff3569fa92069bcc7b4a740dea3602e27ab7a"},
    {file = "pydantic-1.10.17-cp311-cp311-macosx_11_0_arm64.whl", hash = "sha256:2a72d2a5ff86a3075ed81ca031eac86923d44bc5d42e719d585a8eb547bf0c9b"},
    {file = "pydantic-1.10.17-cp311-cp311-manylinux_2_17_x86_64.manylinux2014_x86_64.whl", hash = "sha256:b4ad32aed3bf5eea5ca5decc3d1bbc3d0ec5d4fbcd72a03cdad849458decbc63"},
    {file = "pydantic-1.10.17-cp311-cp311-manylinux_2_5_i686.manylinux1_i686.manylinux_2_17_i686.manylinux2014_i686.whl", hash = "sha256:aeb4e741782e236ee7dc1fb11ad94dc56aabaf02d21df0e79e0c21fe07c95741"},
    {file = "pydantic-1.10.17-cp311-cp311-musllinux_1_1_i686.whl", hash = "sha256:d2f89a719411cb234105735a520b7c077158a81e0fe1cb05a79c01fc5eb59d3c"},
    {file = "pydantic-1.10.17-cp311-cp311-musllinux_1_1_x86_64.whl", hash = "sha256:db3b48d9283d80a314f7a682f7acae8422386de659fffaba454b77a083c3937d"},
    {file = "pydantic-1.10.17-cp311-cp311-win_amd64.whl", hash = "sha256:9c803a5113cfab7bbb912f75faa4fc1e4acff43e452c82560349fff64f852e1b"},
    {file = "pydantic-1.10.17-cp312-cp312-macosx_10_9_x86_64.whl", hash = "sha256:820ae12a390c9cbb26bb44913c87fa2ff431a029a785642c1ff11fed0a095fcb"},
    {file = "pydantic-1.10.17-cp312-cp312-macosx_11_0_arm64.whl", hash = "sha256:c1e51d1af306641b7d1574d6d3307eaa10a4991542ca324f0feb134fee259815"},
    {file = "pydantic-1.10.17-cp312-cp312-manylinux_2_17_x86_64.manylinux2014_x86_64.whl", hash = "sha256:9e53fb834aae96e7b0dadd6e92c66e7dd9cdf08965340ed04c16813102a47fab"},
    {file = "pydantic-1.10.17-cp312-cp312-manylinux_2_5_i686.manylinux1_i686.manylinux_2_17_i686.manylinux2014_i686.whl", hash = "sha256:0e2495309b1266e81d259a570dd199916ff34f7f51f1b549a0d37a6d9b17b4dc"},
    {file = "pydantic-1.10.17-cp312-cp312-musllinux_1_1_i686.whl", hash = "sha256:098ad8de840c92ea586bf8efd9e2e90c6339d33ab5c1cfbb85be66e4ecf8213f"},
    {file = "pydantic-1.10.17-cp312-cp312-musllinux_1_1_x86_64.whl", hash = "sha256:525bbef620dac93c430d5d6bdbc91bdb5521698d434adf4434a7ef6ffd5c4b7f"},
    {file = "pydantic-1.10.17-cp312-cp312-win_amd64.whl", hash = "sha256:6654028d1144df451e1da69a670083c27117d493f16cf83da81e1e50edce72ad"},
    {file = "pydantic-1.10.17-cp37-cp37m-macosx_10_9_x86_64.whl", hash = "sha256:c87cedb4680d1614f1d59d13fea353faf3afd41ba5c906a266f3f2e8c245d655"},
    {file = "pydantic-1.10.17-cp37-cp37m-manylinux_2_17_x86_64.manylinux2014_x86_64.whl", hash = "sha256:11289fa895bcbc8f18704efa1d8020bb9a86314da435348f59745473eb042e6b"},
    {file = "pydantic-1.10.17-cp37-cp37m-manylinux_2_5_i686.manylinux1_i686.manylinux_2_17_i686.manylinux2014_i686.whl", hash = "sha256:94833612d6fd18b57c359a127cbfd932d9150c1b72fea7c86ab58c2a77edd7c7"},
    {file = "pydantic-1.10.17-cp37-cp37m-musllinux_1_1_i686.whl", hash = "sha256:d4ecb515fa7cb0e46e163ecd9d52f9147ba57bc3633dca0e586cdb7a232db9e3"},
    {file = "pydantic-1.10.17-cp37-cp37m-musllinux_1_1_x86_64.whl", hash = "sha256:7017971ffa7fd7808146880aa41b266e06c1e6e12261768a28b8b41ba55c8076"},
    {file = "pydantic-1.10.17-cp37-cp37m-win_amd64.whl", hash = "sha256:e840e6b2026920fc3f250ea8ebfdedf6ea7a25b77bf04c6576178e681942ae0f"},
    {file = "pydantic-1.10.17-cp38-cp38-macosx_10_9_x86_64.whl", hash = "sha256:bfbb18b616abc4df70591b8c1ff1b3eabd234ddcddb86b7cac82657ab9017e33"},
    {file = "pydantic-1.10.17-cp38-cp38-macosx_11_0_arm64.whl", hash = "sha256:ebb249096d873593e014535ab07145498957091aa6ae92759a32d40cb9998e2e"},
    {file = "pydantic-1.10.17-cp38-cp38-manylinux_2_17_x86_64.manylinux2014_x86_64.whl", hash = "sha256:d8c209af63ccd7b22fba94b9024e8b7fd07feffee0001efae50dd99316b27768"},
    {file = "pydantic-1.10.17-cp38-cp38-manylinux_2_5_i686.manylinux1_i686.manylinux_2_17_i686.manylinux2014_i686.whl", hash = "sha256:d4b40c9e13a0b61583e5599e7950490c700297b4a375b55b2b592774332798b7"},
    {file = "pydantic-1.10.17-cp38-cp38-musllinux_1_1_i686.whl", hash = "sha256:c31d281c7485223caf6474fc2b7cf21456289dbaa31401844069b77160cab9c7"},
    {file = "pydantic-1.10.17-cp38-cp38-musllinux_1_1_x86_64.whl", hash = "sha256:ae5184e99a060a5c80010a2d53c99aee76a3b0ad683d493e5f0620b5d86eeb75"},
    {file = "pydantic-1.10.17-cp38-cp38-win_amd64.whl", hash = "sha256:ad1e33dc6b9787a6f0f3fd132859aa75626528b49cc1f9e429cdacb2608ad5f0"},
    {file = "pydantic-1.10.17-cp39-cp39-macosx_10_9_x86_64.whl", hash = "sha256:7e17c0ee7192e54a10943f245dc79e36d9fe282418ea05b886e1c666063a7b54"},
    {file = "pydantic-1.10.17-cp39-cp39-macosx_11_0_arm64.whl", hash = "sha256:cafb9c938f61d1b182dfc7d44a7021326547b7b9cf695db5b68ec7b590214773"},
    {file = "pydantic-1.10.17-cp39-cp39-manylinux_2_17_x86_64.manylinux2014_x86_64.whl", hash = "sha256:95ef534e3c22e5abbdbdd6f66b6ea9dac3ca3e34c5c632894f8625d13d084cbe"},
    {file = "pydantic-1.10.17-cp39-cp39-manylinux_2_5_i686.manylinux1_i686.manylinux_2_17_i686.manylinux2014_i686.whl", hash = "sha256:62d96b8799ae3d782df7ec9615cb59fc32c32e1ed6afa1b231b0595f6516e8ab"},
    {file = "pydantic-1.10.17-cp39-cp39-musllinux_1_1_i686.whl", hash = "sha256:ab2f976336808fd5d539fdc26eb51f9aafc1f4b638e212ef6b6f05e753c8011d"},
    {file = "pydantic-1.10.17-cp39-cp39-musllinux_1_1_x86_64.whl", hash = "sha256:b8ad363330557beac73159acfbeed220d5f1bfcd6b930302a987a375e02f74fd"},
    {file = "pydantic-1.10.17-cp39-cp39-win_amd64.whl", hash = "sha256:48db882e48575ce4b39659558b2f9f37c25b8d348e37a2b4e32971dd5a7d6227"},
    {file = "pydantic-1.10.17-py3-none-any.whl", hash = "sha256:e41b5b973e5c64f674b3b4720286ded184dcc26a691dd55f34391c62c6934688"},
    {file = "pydantic-1.10.17.tar.gz", hash = "sha256:f434160fb14b353caf634149baaf847206406471ba70e64657c1e8330277a991"},
]

[package.dependencies]
typing-extensions = ">=4.2.0"

[package.extras]
dotenv = ["python-dotenv (>=0.10.4)"]
email = ["email-validator (>=1.0.3)"]

[[package]]
name = "redis"
version = "4.6.0"
description = "Python client for Redis database and key-value store"
optional = false
python-versions = ">=3.7"
files = [
    {file = "redis-4.6.0-py3-none-any.whl", hash = "sha256:e2b03db868160ee4591de3cb90d40ebb50a90dd302138775937f6a42b7ed183c"},
    {file = "redis-4.6.0.tar.gz", hash = "sha256:585dc516b9eb042a619ef0a39c3d7d55fe81bdb4df09a52c9cdde0d07bf1aa7d"},
]

[package.dependencies]
async-timeout = {version = ">=4.0.2", markers = "python_full_version <= \"3.11.2\""}

[package.extras]
hiredis = ["hiredis (>=1.0.0)"]
ocsp = ["cryptography (>=36.0.1)", "pyopenssl (==20.0.1)", "requests (>=2.26.0)"]

[[package]]
name = "six"
version = "1.16.0"
description = "Python 2 and 3 compatibility utilities"
optional = false
python-versions = ">=2.7, !=3.0.*, !=3.1.*, !=3.2.*"
files = [
    {file = "six-1.16.0-py2.py3-none-any.whl", hash = "sha256:8abb2f1d86890a2dfb989f9a77cfcfd3e47c2a354b01111771326f8aa26e0254"},
    {file = "six-1.16.0.tar.gz", hash = "sha256:1e61c37477a1626458e36f7b1d82aa5c9b094fa4802892072e49de9c60c4c926"},
]

[[package]]
name = "sniffio"
version = "1.3.1"
description = "Sniff out which async library your code is running under"
optional = false
python-versions = ">=3.7"
files = [
    {file = "sniffio-1.3.1-py3-none-any.whl", hash = "sha256:2f6da418d1f1e0fddd844478f41680e794e6051915791a034ff65e5f100525a2"},
    {file = "sniffio-1.3.1.tar.gz", hash = "sha256:f4324edc670a0f49750a81b895f35c3adb843cca46f0530f79fc1babb23789dc"},
]

[[package]]
name = "starlette"
version = "0.20.4"
description = "The little ASGI library that shines."
optional = false
python-versions = ">=3.7"
files = [
    {file = "starlette-0.20.4-py3-none-any.whl", hash = "sha256:c0414d5a56297d37f3db96a84034d61ce29889b9eaccf65eb98a0b39441fcaa3"},
    {file = "starlette-0.20.4.tar.gz", hash = "sha256:42fcf3122f998fefce3e2c5ad7e5edbf0f02cf685d646a83a08d404726af5084"},
]

[package.dependencies]
anyio = ">=3.4.0,<5"

[package.extras]
full = ["itsdangerous", "jinja2", "python-multipart", "pyyaml", "requests"]

[[package]]
name = "typing-extensions"
version = "4.12.2"
description = "Backported and Experimental Type Hints for Python 3.8+"
optional = false
python-versions = ">=3.8"
files = [
    {file = "typing_extensions-4.12.2-py3-none-any.whl", hash = "sha256:04e5ca0351e0f3f85c6853954072df659d0d13fac324d0072316b67d7794700d"},
    {file = "typing_extensions-4.12.2.tar.gz", hash = "sha256:1a7ead55c7e559dd4dee8856e3a88b41225abfe1ce8df57b7c13915fe121ffb8"},
]

[[package]]
name = "uvicorn"
version = "0.18.3"
description = "The lightning-fast ASGI server."
optional = false
python-versions = ">=3.7"
files = [
    {file = "uvicorn-0.18.3-py3-none-any.whl", hash = "sha256:0abd429ebb41e604ed8d2be6c60530de3408f250e8d2d84967d85ba9e86fe3af"},
    {file = "uvicorn-0.18.3.tar.gz", hash = "sha256:9a66e7c42a2a95222f76ec24a4b754c158261c4696e683b9dadc72b590e0311b"},
]

[package.dependencies]
click = ">=7.0"
h11 = ">=0.8"

[package.extras]
standard = ["colorama (>=0.4)", "httptools (>=0.4.0)", "python-dotenv (>=0.13)", "pyyaml (>=5.1)", "uvloop (>=0.14.0,!=0.15.0,!=0.15.1)", "watchfiles (>=0.13)", "websockets (>=10.0)"]

[metadata]
lock-version = "2.0"
python-versions = "^3.10"
content-hash = "fc5070be123cbe754395638a6fdd42b7bbb5764e7f2a4b3fddfd7f57737212f7"
